
Microsoft Visual Studio Solution File, Format Version 12.00
# Visual Studio Version 16
VisualStudioVersion = 16.0.31424.327
MinimumVisualStudioVersion = 10.0.40219.1
Project("{FAE04EC0-301F-11D3-BF4B-00C04F79EFBC}") = "SvgGradientsDemo", "SvgGradientsDemo\SvgGradientsDemo.csproj", "{A0CCCA15-C143-4972-8A30-47EAC8990E49}"
EndProject
Global
	GlobalSection(SolutionConfigurationPlatforms) = preSolution
		Debug|Any CPU = Debug|Any CPU
		Release|Any CPU = Release|Any CPU
	EndGlobalSection
	GlobalSection(ProjectConfigurationPlatforms) = postSolution
		{A0CCCA15-C143-4972-8A30-47EAC8990E49}.Debug|Any CPU.ActiveCfg = Debug|Any CPU
		{A0CCCA15-C143-4972-8A30-47EAC8990E49}.Debug|Any CPU.Build.0 = Debug|Any CPU
		{A0CCCA15-C143-4972-8A30-47EAC8990E49}.Release|Any CPU.ActiveCfg = Release|Any CPU
		{A0CCCA15-C143-4972-8A30-47EAC8990E49}.Release|Any CPU.Build.0 = Release|Any CPU
	EndGlobalSection
	GlobalSection(SolutionProperties) = preSolution
		HideSolutionNode = FALSE
	EndGlobalSection
	GlobalSection(ExtensibilityGlobals) = postSolution
		SolutionGuid = {ED0B63C9-22A1-4681-AA96-C04325A00F50}
	EndGlobalSection
EndGlobal
